// !$*UTF8*$!
{
	archiveVersion = 1;
	classes = {
	};
	objectVersion = 46;
	objects = {

/* Begin PBXBuildFile section */
		EC9BD45E1C8EC25F0080E40B /* main.m in Sources */ = {isa = PBXBuildFile; fileRef = EC9BD45D1C8EC25F0080E40B /* main.m */; };
		EC9BD4611C8EC25F0080E40B /* AppDelegate.m in Sources */ = {isa = PBXBuildFile; fileRef = EC9BD4601C8EC25F0080E40B /* AppDelegate.m */; };
		EC9BD4641C8EC25F0080E40B /* ViewController.m in Sources */ = {isa = PBXBuildFile; fileRef = EC9BD4631C8EC25F0080E40B /* ViewController.m */; };
		EC9BD4671C8EC25F0080E40B /* Main.storyboard in Resources */ = {isa = PBXBuildFile; fileRef = EC9BD4651C8EC25F0080E40B /* Main.storyboard */; };
		EC9BD46A1C8EC25F0080E40B /* WSiia.xcdatamodeld in Sources */ = {isa = PBXBuildFile; fileRef = EC9BD4681C8EC25F0080E40B /* WSiia.xcdatamodeld */; };
		EC9BD46C1C8EC25F0080E40B /* Assets.xcassets in Resources */ = {isa = PBXBuildFile; fileRef = EC9BD46B1C8EC25F0080E40B /* Assets.xcassets */; };
		EC9BD46F1C8EC25F0080E40B /* LaunchScreen.storyboard in Resources */ = {isa = PBXBuildFile; fileRef = EC9BD46D1C8EC25F0080E40B /* LaunchScreen.storyboard */; };
		EC9BD49A1C8EC35D0080E40B /* AFHTTPSessionManager.m in Sources */ = {isa = PBXBuildFile; fileRef = EC9BD4791C8EC35D0080E40B /* AFHTTPSessionManager.m */; };
		EC9BD49B1C8EC35D0080E40B /* AFNetworkReachabilityManager.m in Sources */ = {isa = PBXBuildFile; fileRef = EC9BD47C1C8EC35D0080E40B /* AFNetworkReachabilityManager.m */; };
		EC9BD49C1C8EC35D0080E40B /* AFSecurityPolicy.m in Sources */ = {isa = PBXBuildFile; fileRef = EC9BD47E1C8EC35D0080E40B /* AFSecurityPolicy.m */; };
		EC9BD49D1C8EC35D0080E40B /* AFURLRequestSerialization.m in Sources */ = {isa = PBXBuildFile; fileRef = EC9BD4801C8EC35D0080E40B /* AFURLRequestSerialization.m */; };
		EC9BD49E1C8EC35D0080E40B /* AFURLResponseSerialization.m in Sources */ = {isa = PBXBuildFile; fileRef = EC9BD4821C8EC35D0080E40B /* AFURLResponseSerialization.m */; };
		EC9BD49F1C8EC35D0080E40B /* AFURLSessionManager.m in Sources */ = {isa = PBXBuildFile; fileRef = EC9BD4841C8EC35D0080E40B /* AFURLSessionManager.m */; };
		EC9BD4A01C8EC35D0080E40B /* AFAutoPurgingImageCache.m in Sources */ = {isa = PBXBuildFile; fileRef = EC9BD4871C8EC35D0080E40B /* AFAutoPurgingImageCache.m */; };
		EC9BD4A11C8EC35D0080E40B /* AFImageDownloader.m in Sources */ = {isa = PBXBuildFile; fileRef = EC9BD4891C8EC35D0080E40B /* AFImageDownloader.m */; };
		EC9BD4A21C8EC35D0080E40B /* AFNetworkActivityIndicatorManager.m in Sources */ = {isa = PBXBuildFile; fileRef = EC9BD48B1C8EC35D0080E40B /* AFNetworkActivityIndicatorManager.m */; };
		EC9BD4A31C8EC35D0080E40B /* UIActivityIndicatorView+AFNetworking.m in Sources */ = {isa = PBXBuildFile; fileRef = EC9BD48D1C8EC35D0080E40B /* UIActivityIndicatorView+AFNetworking.m */; };
		EC9BD4A41C8EC35D0080E40B /* UIButton+AFNetworking.m in Sources */ = {isa = PBXBuildFile; fileRef = EC9BD48F1C8EC35D0080E40B /* UIButton+AFNetworking.m */; };
		EC9BD4A51C8EC35D0080E40B /* UIImageView+AFNetworking.m in Sources */ = {isa = PBXBuildFile; fileRef = EC9BD4921C8EC35D0080E40B /* UIImageView+AFNetworking.m */; };
		EC9BD4A61C8EC35D0080E40B /* UIProgressView+AFNetworking.m in Sources */ = {isa = PBXBuildFile; fileRef = EC9BD4951C8EC35D0080E40B /* UIProgressView+AFNetworking.m */; };
		EC9BD4A71C8EC35D0080E40B /* UIRefreshControl+AFNetworking.m in Sources */ = {isa = PBXBuildFile; fileRef = EC9BD4971C8EC35D0080E40B /* UIRefreshControl+AFNetworking.m */; };
		EC9BD4A81C8EC35D0080E40B /* UIWebView+AFNetworking.m in Sources */ = {isa = PBXBuildFile; fileRef = EC9BD4991C8EC35D0080E40B /* UIWebView+AFNetworking.m */; };
		EC9BD4AC1C8EC92B0080E40B /* WeatherWebServiceAdapter.m in Sources */ = {isa = PBXBuildFile; fileRef = EC9BD4AB1C8EC92B0080E40B /* WeatherWebServiceAdapter.m */; };
		EC9BD4B31C8ECADC0080E40B /* Weather.m in Sources */ = {isa = PBXBuildFile; fileRef = EC9BD4B21C8ECADC0080E40B /* Weather.m */; };
		EC9BD4B71C8EEDBA0080E40B /* WeatherViewController.m in Sources */ = {isa = PBXBuildFile; fileRef = EC9BD4B61C8EEDBA0080E40B /* WeatherViewController.m */; };
/* End PBXBuildFile section */

/* Begin PBXFileReference section */
		EC9BD4591C8EC25F0080E40B /* WSiia.app */ = {isa = PBXFileReference; explicitFileType = wrapper.application; includeInIndex = 0; path = WSiia.app; sourceTree = BUILT_PRODUCTS_DIR; };
		EC9BD45D1C8EC25F0080E40B /* main.m */ = {isa = PBXFileReference; lastKnownFileType = sourcecode.c.objc; path = main.m; sourceTree = "<group>"; };
		EC9BD45F1C8EC25F0080E40B /* AppDelegate.h */ = {isa = PBXFileReference; lastKnownFileType = sourcecode.c.h; path = AppDelegate.h; sourceTree = "<group>"; };
		EC9BD4601C8EC25F0080E40B /* AppDelegate.m */ = {isa = PBXFileReference; lastKnownFileType = sourcecode.c.objc; path = AppDelegate.m; sourceTree = "<group>"; };
		EC9BD4621C8EC25F0080E40B /* ViewController.h */ = {isa = PBXFileReference; lastKnownFileType = sourcecode.c.h; path = ViewController.h; sourceTree = "<group>"; };
		EC9BD4631C8EC25F0080E40B /* ViewController.m */ = {isa = PBXFileReference; lastKnownFileType = sourcecode.c.objc; path = ViewController.m; sourceTree = "<group>"; };
		EC9BD4661C8EC25F0080E40B /* Base */ = {isa = PBXFileReference; lastKnownFileType = file.storyboard; name = Base; path = Base.lproj/Main.storyboard; sourceTree = "<group>"; };
		EC9BD4691C8EC25F0080E40B /* WSiia.xcdatamodel */ = {isa = PBXFileReference; lastKnownFileType = wrapper.xcdatamodel; path = WSiia.xcdatamodel; sourceTree = "<group>"; };
		EC9BD46B1C8EC25F0080E40B /* Assets.xcassets */ = {isa = PBXFileReference; lastKnownFileType = folder.assetcatalog; path = Assets.xcassets; sourceTree = "<group>"; };
		EC9BD46E1C8EC25F0080E40B /* Base */ = {isa = PBXFileReference; lastKnownFileType = file.storyboard; name = Base; path = Base.lproj/LaunchScreen.storyboard; sourceTree = "<group>"; };
		EC9BD4701C8EC25F0080E40B /* Info.plist */ = {isa = PBXFileReference; lastKnownFileType = text.plist.xml; path = Info.plist; sourceTree = "<group>"; };
		EC9BD4781C8EC35D0080E40B /* AFHTTPSessionManager.h */ = {isa = PBXFileReference; fileEncoding = 4; lastKnownFileType = sourcecode.c.h; path = AFHTTPSessionManager.h; sourceTree = "<group>"; };
		EC9BD4791C8EC35D0080E40B /* AFHTTPSessionManager.m */ = {isa = PBXFileReference; fileEncoding = 4; lastKnownFileType = sourcecode.c.objc; path = AFHTTPSessionManager.m; sourceTree = "<group>"; };
		EC9BD47A1C8EC35D0080E40B /* AFNetworking.h */ = {isa = PBXFileReference; fileEncoding = 4; lastKnownFileType = sourcecode.c.h; path = AFNetworking.h; sourceTree = "<group>"; };
		EC9BD47B1C8EC35D0080E40B /* AFNetworkReachabilityManager.h */ = {isa = PBXFileReference; fileEncoding = 4; lastKnownFileType = sourcecode.c.h; path = AFNetworkReachabilityManager.h; sourceTree = "<group>"; };
		EC9BD47C1C8EC35D0080E40B /* AFNetworkReachabilityManager.m */ = {isa = PBXFileReference; fileEncoding = 4; lastKnownFileType = sourcecode.c.objc; path = AFNetworkReachabilityManager.m; sourceTree = "<group>"; };
		EC9BD47D1C8EC35D0080E40B /* AFSecurityPolicy.h */ = {isa = PBXFileReference; fileEncoding = 4; lastKnownFileType = sourcecode.c.h; path = AFSecurityPolicy.h; sourceTree = "<group>"; };
		EC9BD47E1C8EC35D0080E40B /* AFSecurityPolicy.m */ = {isa = PBXFileReference; fileEncoding = 4; lastKnownFileType = sourcecode.c.objc; path = AFSecurityPolicy.m; sourceTree = "<group>"; };
		EC9BD47F1C8EC35D0080E40B /* AFURLRequestSerialization.h */ = {isa = PBXFileReference; fileEncoding = 4; lastKnownFileType = sourcecode.c.h; path = AFURLRequestSerialization.h; sourceTree = "<group>"; };
		EC9BD4801C8EC35D0080E40B /* AFURLRequestSerialization.m */ = {isa = PBXFileReference; fileEncoding = 4; lastKnownFileType = sourcecode.c.objc; path = AFURLRequestSerialization.m; sourceTree = "<group>"; };
		EC9BD4811C8EC35D0080E40B /* AFURLResponseSerialization.h */ = {isa = PBXFileReference; fileEncoding = 4; lastKnownFileType = sourcecode.c.h; path = AFURLResponseSerialization.h; sourceTree = "<group>"; };
		EC9BD4821C8EC35D0080E40B /* AFURLResponseSerialization.m */ = {isa = PBXFileReference; fileEncoding = 4; lastKnownFileType = sourcecode.c.objc; path = AFURLResponseSerialization.m; sourceTree = "<group>"; };
		EC9BD4831C8EC35D0080E40B /* AFURLSessionManager.h */ = {isa = PBXFileReference; fileEncoding = 4; lastKnownFileType = sourcecode.c.h; path = AFURLSessionManager.h; sourceTree = "<group>"; };
		EC9BD4841C8EC35D0080E40B /* AFURLSessionManager.m */ = {isa = PBXFileReference; fileEncoding = 4; lastKnownFileType = sourcecode.c.objc; path = AFURLSessionManager.m; sourceTree = "<group>"; };
		EC9BD4861C8EC35D0080E40B /* AFAutoPurgingImageCache.h */ = {isa = PBXFileReference; fileEncoding = 4; lastKnownFileType = sourcecode.c.h; path = AFAutoPurgingImageCache.h; sourceTree = "<group>"; };
		EC9BD4871C8EC35D0080E40B /* AFAutoPurgingImageCache.m */ = {isa = PBXFileReference; fileEncoding = 4; lastKnownFileType = sourcecode.c.objc; path = AFAutoPurgingImageCache.m; sourceTree = "<group>"; };
		EC9BD4881C8EC35D0080E40B /* AFImageDownloader.h */ = {isa = PBXFileReference; fileEncoding = 4; lastKnownFileType = sourcecode.c.h; path = AFImageDownloader.h; sourceTree = "<group>"; };
		EC9BD4891C8EC35D0080E40B /* AFImageDownloader.m */ = {isa = PBXFileReference; fileEncoding = 4; lastKnownFileType = sourcecode.c.objc; path = AFImageDownloader.m; sourceTree = "<group>"; };
		EC9BD48A1C8EC35D0080E40B /* AFNetworkActivityIndicatorManager.h */ = {isa = PBXFileReference; fileEncoding = 4; lastKnownFileType = sourcecode.c.h; path = AFNetworkActivityIndicatorManager.h; sourceTree = "<group>"; };
		EC9BD48B1C8EC35D0080E40B /* AFNetworkActivityIndicatorManager.m */ = {isa = PBXFileReference; fileEncoding = 4; lastKnownFileType = sourcecode.c.objc; path = AFNetworkActivityIndicatorManager.m; sourceTree = "<group>"; };
		EC9BD48C1C8EC35D0080E40B /* UIActivityIndicatorView+AFNetworking.h */ = {isa = PBXFileReference; fileEncoding = 4; lastKnownFileType = sourcecode.c.h; path = "UIActivityIndicatorView+AFNetworking.h"; sourceTree = "<group>"; };
		EC9BD48D1C8EC35D0080E40B /* UIActivityIndicatorView+AFNetworking.m */ = {isa = PBXFileReference; fileEncoding = 4; lastKnownFileType = sourcecode.c.objc; path = "UIActivityIndicatorView+AFNetworking.m"; sourceTree = "<group>"; };
		EC9BD48E1C8EC35D0080E40B /* UIButton+AFNetworking.h */ = {isa = PBXFileReference; fileEncoding = 4; lastKnownFileType = sourcecode.c.h; path = "UIButton+AFNetworking.h"; sourceTree = "<group>"; };
		EC9BD48F1C8EC35D0080E40B /* UIButton+AFNetworking.m */ = {isa = PBXFileReference; fileEncoding = 4; lastKnownFileType = sourcecode.c.objc; path = "UIButton+AFNetworking.m"; sourceTree = "<group>"; };
		EC9BD4901C8EC35D0080E40B /* UIImage+AFNetworking.h */ = {isa = PBXFileReference; fileEncoding = 4; lastKnownFileType = sourcecode.c.h; path = "UIImage+AFNetworking.h"; sourceTree = "<group>"; };
		EC9BD4911C8EC35D0080E40B /* UIImageView+AFNetworking.h */ = {isa = PBXFileReference; fileEncoding = 4; lastKnownFileType = sourcecode.c.h; path = "UIImageView+AFNetworking.h"; sourceTree = "<group>"; };
		EC9BD4921C8EC35D0080E40B /* UIImageView+AFNetworking.m */ = {isa = PBXFileReference; fileEncoding = 4; lastKnownFileType = sourcecode.c.objc; path = "UIImageView+AFNetworking.m"; sourceTree = "<group>"; };
		EC9BD4931C8EC35D0080E40B /* UIKit+AFNetworking.h */ = {isa = PBXFileReference; fileEncoding = 4; lastKnownFileType = sourcecode.c.h; path = "UIKit+AFNetworking.h"; sourceTree = "<group>"; };
		EC9BD4941C8EC35D0080E40B /* UIProgressView+AFNetworking.h */ = {isa = PBXFileReference; fileEncoding = 4; lastKnownFileType = sourcecode.c.h; path = "UIProgressView+AFNetworking.h"; sourceTree = "<group>"; };
		EC9BD4951C8EC35D0080E40B /* UIProgressView+AFNetworking.m */ = {isa = PBXFileReference; fileEncoding = 4; lastKnownFileType = sourcecode.c.objc; path = "UIProgressView+AFNetworking.m"; sourceTree = "<group>"; };
		EC9BD4961C8EC35D0080E40B /* UIRefreshControl+AFNetworking.h */ = {isa = PBXFileReference; fileEncoding = 4; lastKnownFileType = sourcecode.c.h; path = "UIRefreshControl+AFNetworking.h"; sourceTree = "<group>"; };
		EC9BD4971C8EC35D0080E40B /* UIRefreshControl+AFNetworking.m */ = {isa = PBXFileReference; fileEncoding = 4; lastKnownFileType = sourcecode.c.objc; path = "UIRefreshControl+AFNetworking.m"; sourceTree = "<group>"; };
		EC9BD4981C8EC35D0080E40B /* UIWebView+AFNetworking.h */ = {isa = PBXFileReference; fileEncoding = 4; lastKnownFileType = sourcecode.c.h; path = "UIWebView+AFNetworking.h"; sourceTree = "<group>"; };
		EC9BD4991C8EC35D0080E40B /* UIWebView+AFNetworking.m */ = {isa = PBXFileReference; fileEncoding = 4; lastKnownFileType = sourcecode.c.objc; path = "UIWebView+AFNetworking.m"; sourceTree = "<group>"; };
		EC9BD4AA1C8EC92B0080E40B /* WeatherWebServiceAdapter.h */ = {isa = PBXFileReference; fileEncoding = 4; lastKnownFileType = sourcecode.c.h; name = WeatherWebServiceAdapter.h; path = webservice/WeatherWebServiceAdapter.h; sourceTree = "<group>"; };
		EC9BD4AB1C8EC92B0080E40B /* WeatherWebServiceAdapter.m */ = {isa = PBXFileReference; fileEncoding = 4; lastKnownFileType = sourcecode.c.objc; name = WeatherWebServiceAdapter.m; path = webservice/WeatherWebServiceAdapter.m; sourceTree = "<group>"; };
		EC9BD4B11C8ECADC0080E40B /* Weather.h */ = {isa = PBXFileReference; fileEncoding = 4; lastKnownFileType = sourcecode.c.h; name = Weather.h; path = Entity/Weather.h; sourceTree = "<group>"; };
		EC9BD4B21C8ECADC0080E40B /* Weather.m */ = {isa = PBXFileReference; fileEncoding = 4; lastKnownFileType = sourcecode.c.objc; name = Weather.m; path = Entity/Weather.m; sourceTree = "<group>"; };
		EC9BD4B51C8EEDBA0080E40B /* WeatherViewController.h */ = {isa = PBXFileReference; fileEncoding = 4; lastKnownFileType = sourcecode.c.h; name = WeatherViewController.h; path = view/WeatherViewController.h; sourceTree = "<group>"; };
		EC9BD4B61C8EEDBA0080E40B /* WeatherViewController.m */ = {isa = PBXFileReference; fileEncoding = 4; lastKnownFileType = sourcecode.c.objc; name = WeatherViewController.m; path = view/WeatherViewController.m; sourceTree = "<group>"; };
/* End PBXFileReference section */

/* Begin PBXFrameworksBuildPhase section */
		EC9BD4561C8EC25F0080E40B /* Frameworks */ = {
			isa = PBXFrameworksBuildPhase;
			buildActionMask = 2147483647;
			files = (
			);
			runOnlyForDeploymentPostprocessing = 0;
		};
/* End PBXFrameworksBuildPhase section */

/* Begin PBXGroup section */
		EC9BD4501C8EC25F0080E40B = {
			isa = PBXGroup;
			children = (
				EC9BD45B1C8EC25F0080E40B /* WSiia */,
				EC9BD45A1C8EC25F0080E40B /* Products */,
			);
			sourceTree = "<group>";
		};
		EC9BD45A1C8EC25F0080E40B /* Products */ = {
			isa = PBXGroup;
			children = (
				EC9BD4591C8EC25F0080E40B /* WSiia.app */,
			);
			name = Products;
			sourceTree = "<group>";
		};
		EC9BD45B1C8EC25F0080E40B /* WSiia */ = {
			isa = PBXGroup;
			children = (
				EC9BD4B41C8EED860080E40B /* view */,
				EC9BD4B01C8ECAC20080E40B /* Entity */,
				EC9BD4A91C8EC8DC0080E40B /* webservice */,
				EC9BD4761C8EC2690080E40B /* libs */,
				EC9BD45F1C8EC25F0080E40B /* AppDelegate.h */,
				EC9BD4601C8EC25F0080E40B /* AppDelegate.m */,
				EC9BD4621C8EC25F0080E40B /* ViewController.h */,
				EC9BD4631C8EC25F0080E40B /* ViewController.m */,
				EC9BD4651C8EC25F0080E40B /* Main.storyboard */,
				EC9BD46B1C8EC25F0080E40B /* Assets.xcassets */,
				EC9BD46D1C8EC25F0080E40B /* LaunchScreen.storyboard */,
				EC9BD4701C8EC25F0080E40B /* Info.plist */,
				EC9BD4681C8EC25F0080E40B /* WSiia.xcdatamodeld */,
				EC9BD45C1C8EC25F0080E40B /* Supporting Files */,
			);
			path = WSiia;
			sourceTree = "<group>";
		};
		EC9BD45C1C8EC25F0080E40B /* Supporting Files */ = {
			isa = PBXGroup;
			children = (
				EC9BD45D1C8EC25F0080E40B /* main.m */,
			);
			name = "Supporting Files";
			sourceTree = "<group>";
		};
		EC9BD4761C8EC2690080E40B /* libs */ = {
			isa = PBXGroup;
			children = (
				EC9BD4771C8EC35D0080E40B /* AFNetworking */,
				EC9BD4851C8EC35D0080E40B /* UIKit+AFNetworking */,
			);
			name = libs;
			sourceTree = "<group>";
		};
		EC9BD4771C8EC35D0080E40B /* AFNetworking */ = {
			isa = PBXGroup;
			children = (
				EC9BD4781C8EC35D0080E40B /* AFHTTPSessionManager.h */,
				EC9BD4791C8EC35D0080E40B /* AFHTTPSessionManager.m */,
				EC9BD47A1C8EC35D0080E40B /* AFNetworking.h */,
				EC9BD47B1C8EC35D0080E40B /* AFNetworkReachabilityManager.h */,
				EC9BD47C1C8EC35D0080E40B /* AFNetworkReachabilityManager.m */,
				EC9BD47D1C8EC35D0080E40B /* AFSecurityPolicy.h */,
				EC9BD47E1C8EC35D0080E40B /* AFSecurityPolicy.m */,
				EC9BD47F1C8EC35D0080E40B /* AFURLRequestSerialization.h */,
				EC9BD4801C8EC35D0080E40B /* AFURLRequestSerialization.m */,
				EC9BD4811C8EC35D0080E40B /* AFURLResponseSerialization.h */,
				EC9BD4821C8EC35D0080E40B /* AFURLResponseSerialization.m */,
				EC9BD4831C8EC35D0080E40B /* AFURLSessionManager.h */,
				EC9BD4841C8EC35D0080E40B /* AFURLSessionManager.m */,
			);
			name = AFNetworking;
			path = libs/AFNetworking;
			sourceTree = "<group>";
		};
		EC9BD4851C8EC35D0080E40B /* UIKit+AFNetworking */ = {
			isa = PBXGroup;
			children = (
				EC9BD4861C8EC35D0080E40B /* AFAutoPurgingImageCache.h */,
				EC9BD4871C8EC35D0080E40B /* AFAutoPurgingImageCache.m */,
				EC9BD4881C8EC35D0080E40B /* AFImageDownloader.h */,
				EC9BD4891C8EC35D0080E40B /* AFImageDownloader.m */,
				EC9BD48A1C8EC35D0080E40B /* AFNetworkActivityIndicatorManager.h */,
				EC9BD48B1C8EC35D0080E40B /* AFNetworkActivityIndicatorManager.m */,
				EC9BD48C1C8EC35D0080E40B /* UIActivityIndicatorView+AFNetworking.h */,
				EC9BD48D1C8EC35D0080E40B /* UIActivityIndicatorView+AFNetworking.m */,
				EC9BD48E1C8EC35D0080E40B /* UIButton+AFNetworking.h */,
				EC9BD48F1C8EC35D0080E40B /* UIButton+AFNetworking.m */,
				EC9BD4901C8EC35D0080E40B /* UIImage+AFNetworking.h */,
				EC9BD4911C8EC35D0080E40B /* UIImageView+AFNetworking.h */,
				EC9BD4921C8EC35D0080E40B /* UIImageView+AFNetworking.m */,
				EC9BD4931C8EC35D0080E40B /* UIKit+AFNetworking.h */,
				EC9BD4941C8EC35D0080E40B /* UIProgressView+AFNetworking.h */,
				EC9BD4951C8EC35D0080E40B /* UIProgressView+AFNetworking.m */,
				EC9BD4961C8EC35D0080E40B /* UIRefreshControl+AFNetworking.h */,
				EC9BD4971C8EC35D0080E40B /* UIRefreshControl+AFNetworking.m */,
				EC9BD4981C8EC35D0080E40B /* UIWebView+AFNetworking.h */,
				EC9BD4991C8EC35D0080E40B /* UIWebView+AFNetworking.m */,
			);
			name = "UIKit+AFNetworking";
			path = "libs/UIKit+AFNetworking";
			sourceTree = "<group>";
		};
		EC9BD4A91C8EC8DC0080E40B /* webservice */ = {
			isa = PBXGroup;
			children = (
				EC9BD4AA1C8EC92B0080E40B /* WeatherWebServiceAdapter.h */,
				EC9BD4AB1C8EC92B0080E40B /* WeatherWebServiceAdapter.m */,
			);
			name = webservice;
			sourceTree = "<group>";
		};
		EC9BD4B01C8ECAC20080E40B /* Entity */ = {
			isa = PBXGroup;
			children = (
				EC9BD4B11C8ECADC0080E40B /* Weather.h */,
				EC9BD4B21C8ECADC0080E40B /* Weather.m */,
			);
			name = Entity;
			sourceTree = "<group>";
		};
		EC9BD4B41C8EED860080E40B /* view */ = {
			isa = PBXGroup;
			children = (
				EC9BD4B51C8EEDBA0080E40B /* WeatherViewController.h */,
				EC9BD4B61C8EEDBA0080E40B /* WeatherViewController.m */,
			);
			name = view;
			sourceTree = "<group>";
		};
/* End PBXGroup section */

/* Begin PBXNativeTarget section */
		EC9BD4581C8EC25F0080E40B /* WSiia */ = {
			isa = PBXNativeTarget;
			buildConfigurationList = EC9BD4731C8EC25F0080E40B /* Build configuration list for PBXNativeTarget "WSiia" */;
			buildPhases = (
				EC9BD4551C8EC25F0080E40B /* Sources */,
				EC9BD4561C8EC25F0080E40B /* Frameworks */,
				EC9BD4571C8EC25F0080E40B /* Resources */,
			);
			buildRules = (
			);
			dependencies = (
			);
			name = WSiia;
			productName = WSiia;
			productReference = EC9BD4591C8EC25F0080E40B /* WSiia.app */;
			productType = "com.apple.product-type.application";
		};
/* End PBXNativeTarget section */

/* Begin PBXProject section */
		EC9BD4511C8EC25F0080E40B /* Project object */ = {
			isa = PBXProject;
			attributes = {
				LastUpgradeCheck = 0720;
				ORGANIZATIONNAME = iia.antoinetrouve;
				TargetAttributes = {
					EC9BD4581C8EC25F0080E40B = {
						CreatedOnToolsVersion = 7.2;
					};
				};
			};
			buildConfigurationList = EC9BD4541C8EC25F0080E40B /* Build configuration list for PBXProject "WSiia" */;
			compatibilityVersion = "Xcode 3.2";
			developmentRegion = English;
			hasScannedForEncodings = 0;
			knownRegions = (
				en,
				Base,
			);
			mainGroup = EC9BD4501C8EC25F0080E40B;
			productRefGroup = EC9BD45A1C8EC25F0080E40B /* Products */;
			projectDirPath = "";
			projectRoot = "";
			targets = (
				EC9BD4581C8EC25F0080E40B /* WSiia */,
			);
		};
/* End PBXProject section */

/* Begin PBXResourcesBuildPhase section */
		EC9BD4571C8EC25F0080E40B /* Resources */ = {
			isa = PBXResourcesBuildPhase;
			buildActionMask = 2147483647;
			files = (
				EC9BD46F1C8EC25F0080E40B /* LaunchScreen.storyboard in Resources */,
				EC9BD46C1C8EC25F0080E40B /* Assets.xcassets in Resources */,
				EC9BD4671C8EC25F0080E40B /* Main.storyboard in Resources */,
			);
			runOnlyForDeploymentPostprocessing = 0;
		};
/* End PBXResourcesBuildPhase section */

/* Begin PBXSourcesBuildPhase section */
		EC9BD4551C8EC25F0080E40B /* Sources */ = {
			isa = PBXSourcesBuildPhase;
			buildActionMask = 2147483647;
			files = (
				EC9BD49C1C8EC35D0080E40B /* AFSecurityPolicy.m in Sources */,
				EC9BD49E1C8EC35D0080E40B /* AFURLResponseSerialization.m in Sources */,
				EC9BD4641C8EC25F0080E40B /* ViewController.m in Sources */,
				EC9BD4611C8EC25F0080E40B /* AppDelegate.m in Sources */,
				EC9BD49A1C8EC35D0080E40B /* AFHTTPSessionManager.m in Sources */,
				EC9BD49F1C8EC35D0080E40B /* AFURLSessionManager.m in Sources */,
				EC9BD4A31C8EC35D0080E40B /* UIActivityIndicatorView+AFNetworking.m in Sources */,
				EC9BD45E1C8EC25F0080E40B /* main.m in Sources */,
				EC9BD4A61C8EC35D0080E40B /* UIProgressView+AFNetworking.m in Sources */,
				EC9BD4B31C8ECADC0080E40B /* Weather.m in Sources */,
				EC9BD49B1C8EC35D0080E40B /* AFNetworkReachabilityManager.m in Sources */,
				EC9BD46A1C8EC25F0080E40B /* WSiia.xcdatamodeld in Sources */,
				EC9BD4A21C8EC35D0080E40B /* AFNetworkActivityIndicatorManager.m in Sources */,
				EC9BD4A51C8EC35D0080E40B /* UIImageView+AFNetworking.m in Sources */,
				EC9BD4AC1C8EC92B0080E40B /* WeatherWebServiceAdapter.m in Sources */,
				EC9BD4B71C8EEDBA0080E40B /* WeatherViewController.m in Sources */,
				EC9BD4A41C8EC35D0080E40B /* UIButton+AFNetworking.m in Sources */,
				EC9BD4A71C8EC35D0080E40B /* UIRefreshControl+AFNetworking.m in Sources */,
				EC9BD4A81C8EC35D0080E40B /* UIWebView+AFNetworking.m in Sources */,
				EC9BD49D1C8EC35D0080E40B /* AFURLRequestSerialization.m in Sources */,
				EC9BD4A01C8EC35D0080E40B /* AFAutoPurgingImageCache.m in Sources */,
				EC9BD4A11C8EC35D0080E40B /* AFImageDownloader.m in Sources */,
			);
			runOnlyForDeploymentPostprocessing = 0;
		};
/* End PBXSourcesBuildPhase section */

/* Begin PBXVariantGroup section */
		EC9BD4651C8EC25F0080E40B /* Main.storyboard */ = {
			isa = PBXVariantGroup;
			children = (
				EC9BD4661C8EC25F0080E40B /* Base */,
			);
			name = Main.storyboard;
			sourceTree = "<group>";
		};
		EC9BD46D1C8EC25F0080E40B /* LaunchScreen.storyboard */ = {
			isa = PBXVariantGroup;
			children = (
				EC9BD46E1C8EC25F0080E40B /* Base */,
			);
			name = LaunchScreen.storyboard;
			sourceTree = "<group>";
		};
/* End PBXVariantGroup section */

/* Begin XCBuildConfiguration section */
		EC9BD4711C8EC25F0080E40B /* Debug */ = {
			isa = XCBuildConfiguration;
			buildSettings = {
				ALWAYS_SEARCH_USER_PATHS = NO;
				CLANG_CXX_LANGUAGE_STANDARD = "gnu++0x";
				CLANG_CXX_LIBRARY = "libc++";
				CLANG_ENABLE_MODULES = YES;
				CLANG_ENABLE_OBJC_ARC = YES;
				CLANG_WARN_BOOL_CONVERSION = YES;
				CLANG_WARN_CONSTANT_CONVERSION = YES;
				CLANG_WARN_DIRECT_OBJC_ISA_USAGE = YES_ERROR;
				CLANG_WARN_EMPTY_BODY = YES;
				CLANG_WARN_ENUM_CONVERSION = YES;
				CLANG_WARN_INT_CONVERSION = YES;
				CLANG_WARN_OBJC_ROOT_CLASS = YES_ERROR;
				CLANG_WARN_UNREACHABLE_CODE = YES;
				CLANG_WARN__DUPLICATE_METHOD_MATCH = YES;
				"CODE_SIGN_IDENTITY[sdk=iphoneos*]" = "iPhone Developer";
				COPY_PHASE_STRIP = NO;
				DEBUG_INFORMATION_FORMAT = dwarf;
				ENABLE_STRICT_OBJC_MSGSEND = YES;
				ENABLE_TESTABILITY = YES;
				GCC_C_LANGUAGE_STANDARD = gnu99;
				GCC_DYNAMIC_NO_PIC = NO;
				GCC_NO_COMMON_BLOCKS = YES;
				GCC_OPTIMIZATION_LEVEL = 0;
				GCC_PREPROCESSOR_DEFINITIONS = (
					"DEBUG=1",
					"$(inherited)",
				);
				GCC_WARN_64_TO_32_BIT_CONVERSION = YES;
				GCC_WARN_ABOUT_RETURN_TYPE = YES_ERROR;
				GCC_WARN_UNDECLARED_SELECTOR = YES;
				GCC_WARN_UNINITIALIZED_AUTOS = YES_AGGRESSIVE;
				GCC_WARN_UNUSED_FUNCTION = YES;
				GCC_WARN_UNUSED_VARIABLE = YES;
				IPHONEOS_DEPLOYMENT_TARGET = 9.2;
				MTL_ENABLE_DEBUG_INFO = YES;
				ONLY_ACTIVE_ARCH = YES;
				SDKROOT = iphoneos;
			};
			name = Debug;
		};
		EC9BD4721C8EC25F0080E40B /* Release */ = {
			isa = XCBuildConfiguration;
			buildSettings = {
				ALWAYS_SEARCH_USER_PATHS = NO;
				CLANG_CXX_LANGUAGE_STANDARD = "gnu++0x";
				CLANG_CXX_LIBRARY = "libc++";
				CLANG_ENABLE_MODULES = YES;
				CLANG_ENABLE_OBJC_ARC = YES;
				CLANG_WARN_BOOL_CONVERSION = YES;
				CLANG_WARN_CONSTANT_CONVERSION = YES;
				CLANG_WARN_DIRECT_OBJC_ISA_USAGE = YES_ERROR;
				CLANG_WARN_EMPTY_BODY = YES;
				CLANG_WARN_ENUM_CONVERSION = YES;
				CLANG_WARN_INT_CONVERSION = YES;
				CLANG_WARN_OBJC_ROOT_CLASS = YES_ERROR;
				CLANG_WARN_UNREACHABLE_CODE = YES;
				CLANG_WARN__DUPLICATE_METHOD_MATCH = YES;
				"CODE_SIGN_IDENTITY[sdk=iphoneos*]" = "iPhone Developer";
				COPY_PHASE_STRIP = NO;
				DEBUG_INFORMATION_FORMAT = "dwarf-with-dsym";
				ENABLE_NS_ASSERTIONS = NO;
				ENABLE_STRICT_OBJC_MSGSEND = YES;
				GCC_C_LANGUAGE_STANDARD = gnu99;
				GCC_NO_COMMON_BLOCKS = YES;
				GCC_WARN_64_TO_32_BIT_CONVERSION = YES;
				GCC_WARN_ABOUT_RETURN_TYPE = YES_ERROR;
				GCC_WARN_UNDECLARED_SELECTOR = YES;
				GCC_WARN_UNINITIALIZED_AUTOS = YES_AGGRESSIVE;
				GCC_WARN_UNUSED_FUNCTION = YES;
				GCC_WARN_UNUSED_VARIABLE = YES;
				IPHONEOS_DEPLOYMENT_TARGET = 9.2;
				MTL_ENABLE_DEBUG_INFO = NO;
				SDKROOT = iphoneos;
				VALIDATE_PRODUCT = YES;
			};
			name = Release;
		};
		EC9BD4741C8EC25F0080E40B /* Debug */ = {
			isa = XCBuildConfiguration;
			buildSettings = {
				ASSETCATALOG_COMPILER_APPICON_NAME = AppIcon;
				INFOPLIST_FILE = WSiia/Info.plist;
				LD_RUNPATH_SEARCH_PATHS = "$(inherited) @executable_path/Frameworks";
				PRODUCT_BUNDLE_IDENTIFIER = com.iia.WSiia;
				PRODUCT_NAME = "$(TARGET_NAME)";
			};
			name = Debug;
		};
		EC9BD4751C8EC25F0080E40B /* Release */ = {
			isa = XCBuildConfiguration;
			buildSettings = {
				ASSETCATALOG_COMPILER_APPICON_NAME = AppIcon;
				INFOPLIST_FILE = WSiia/Info.plist;
				LD_RUNPATH_SEARCH_PATHS = "$(inherited) @executable_path/Frameworks";
				PRODUCT_BUNDLE_IDENTIFIER = com.iia.WSiia;
				PRODUCT_NAME = "$(TARGET_NAME)";
			};
			name = Release;
		};
/* End XCBuildConfiguration section */

/* Begin XCConfigurationList section */
		EC9BD4541C8EC25F0080E40B /* Build configuration list for PBXProject "WSiia" */ = {
			isa = XCConfigurationList;
			buildConfigurations = (
				EC9BD4711C8EC25F0080E40B /* Debug */,
				EC9BD4721C8EC25F0080E40B /* Release */,
			);
			defaultConfigurationIsVisible = 0;
			defaultConfigurationName = Release;
		};
		EC9BD4731C8EC25F0080E40B /* Build configuration list for PBXNativeTarget "WSiia" */ = {
			isa = XCConfigurationList;
			buildConfigurations = (
				EC9BD4741C8EC25F0080E40B /* Debug */,
				EC9BD4751C8EC25F0080E40B /* Release */,
			);
			defaultConfigurationIsVisible = 0;
		};
/* End XCConfigurationList section */

/* Begin XCVersionGroup section */
		EC9BD4681C8EC25F0080E40B /* WSiia.xcdatamodeld */ = {
			isa = XCVersionGroup;
			children = (
				EC9BD4691C8EC25F0080E40B /* WSiia.xcdatamodel */,
			);
			currentVersion = EC9BD4691C8EC25F0080E40B /* WSiia.xcdatamodel */;
			path = WSiia.xcdatamodeld;
			sourceTree = "<group>";
			versionGroupType = wrapper.xcdatamodel;
		};
/* End XCVersionGroup section */
	};
	rootObject = EC9BD4511C8EC25F0080E40B /* Project object */;
}
